
Microsoft Visual Studio Solution File, Format Version 12.00
# Visual Studio Version 17
VisualStudioVersion = 17.5.002.0
MinimumVisualStudioVersion = 10.0.40219.1
Project("{9A19103F-16F7-4668-BE54-9A1E7A4F7556}") = "session2", "session2\session2.csproj", "{292BD26F-8968-48A7-A1F3-92AA372A4A13}"
EndProject
Project("{FAE04EC0-301F-11D3-BF4B-00C04F79EFBC}") = "session3", "session3\session3.csproj", "{3A97DE01-6DD0-4BB6-9FAD-3565F25E40E6}"
EndProject
Project("{FAE04EC0-301F-11D3-BF4B-00C04F79EFBC}") = "session4", "session4\session4.csproj", "{9067D0AB-7949-4AE2-96FC-2D9A272B328E}"
EndProject
Project("{FAE04EC0-301F-11D3-BF4B-00C04F79EFBC}") = "session5", "session5\session5.csproj", "{5F82F199-160A-4508-B2DF-D09EB5C4CA5F}"
EndProject
Project("{FAE04EC0-301F-11D3-BF4B-00C04F79EFBC}") = "session6", "session6\session6.csproj", "{CB7E68CD-1CAF-403E-B963-559E4E7C7351}"
EndProject
Project("{FAE04EC0-301F-11D3-BF4B-00C04F79EFBC}") = "session7", "session7\session7.csproj", "{B7BBB2E8-D8F0-4B47-BB51-430BB3531D43}"
EndProject
Project("{FAE04EC0-301F-11D3-BF4B-00C04F79EFBC}") = "session8_test", "session8_test\session8_test.csproj", "{B4AF52BE-D72A-4402-B71C-C35D1DABA691}"
EndProject
Project("{FAE04EC0-301F-11D3-BF4B-00C04F79EFBC}") = "session8", "session8\session8.csproj", "{64A85622-1B8A-48B1-A556-AAD8D0596AB9}"
EndProject
Project("{FAE04EC0-301F-11D3-BF4B-00C04F79EFBC}") = "session_optional", "session_optional\session_optional.csproj", "{1E9819A7-6C65-41E7-AF95-A9E09E80FD9C}"
EndProject
Project("{FAE04EC0-301F-11D3-BF4B-00C04F79EFBC}") = "session9", "session9\session9.csproj", "{D020CA21-856C-4454-BB8A-7778B0DB457E}"
EndProject
Project("{FAE04EC0-301F-11D3-BF4B-00C04F79EFBC}") = "session10_kethua", "session10_kethua\session10_kethua.csproj", "{91345BDE-A8BB-4B5F-9C0D-4A63EE157F3C}"
EndProject
Project("{FAE04EC0-301F-11D3-BF4B-00C04F79EFBC}") = "session11_baitap_oop", "session11_baitap_oop\session11_baitap_oop.csproj", "{669E8DD9-BB38-446A-8B5C-F2D03E77D879}"
EndProject
Project("{FAE04EC0-301F-11D3-BF4B-00C04F79EFBC}") = "session11_phudao_oop", "session11_phudao_oop\session11_phudao_oop.csproj", "{0292138B-7575-4C01-98FC-512527264587}"
EndProject
Project("{FAE04EC0-301F-11D3-BF4B-00C04F79EFBC}") = "session12_oop_donggoi", "session12_oop_donggoi\session12_oop_donggoi.csproj", "{E4C1C0FE-B7FE-40ED-ACC1-1C720529543B}"
EndProject
Project("{FAE04EC0-301F-11D3-BF4B-00C04F79EFBC}") = "session13_bt_oop", "session13_bt_oop\session13_bt_oop.csproj", "{50DF5435-33A9-4165-AE46-6FFAE64CA6C4}"
EndProject
Project("{FAE04EC0-301F-11D3-BF4B-00C04F79EFBC}") = "session14_oop_truutuong", "session14_oop_truutuong\session14_oop_truutuong.csproj", "{7F18B9CF-5AD8-44A7-975B-2A9A666A8E94}"
EndProject
Project("{FAE04EC0-301F-11D3-BF4B-00C04F79EFBC}") = "noel", "noel\noel.csproj", "{243416EC-795F-4910-B1A9-D9FAC9459957}"
EndProject
Project("{FAE04EC0-301F-11D3-BF4B-00C04F79EFBC}") = "session15_test", "session15_test\session15_test.csproj", "{AB3240D6-8CFA-4D96-BB51-4A6A9EF45EE4}"
EndProject
Project("{FAE04EC0-301F-11D3-BF4B-00C04F79EFBC}") = "session15_oop_dahinh", "session15_oop_dahinh\session15_oop_dahinh.csproj", "{EEAAFA1C-8B81-4661-ABBB-8BC4BAADE328}"
EndProject
Project("{FAE04EC0-301F-11D3-BF4B-00C04F79EFBC}") = "christmas", "christmas\christmas.csproj", "{EA3F869D-B566-4B9C-B1C6-09892150C8DC}"
EndProject
Project("{FAE04EC0-301F-11D3-BF4B-00C04F79EFBC}") = "BlazorApp", "BlazorApp\BlazorApp.csproj", "{7CA28F76-7815-48A7-8159-F9E1D0DE4571}"
EndProject
Project("{FAE04EC0-301F-11D3-BF4B-00C04F79EFBC}") = "Game2048", "Game2048\Game2048.csproj", "{8B62DCDD-2E13-4BD0-B3CD-F92AACD511A9}"
EndProject
Project("{FAE04EC0-301F-11D3-BF4B-00C04F79EFBC}") = "session17_phudao_oop", "session17_phudao_oop\session17_phudao_oop.csproj", "{20E80FDB-BBD9-4892-91D6-D83AE72848CF}"
EndProject
Project("{FAE04EC0-301F-11D3-BF4B-00C04F79EFBC}") = "session24_bt", "session24_bt\session24_bt.csproj", "{3D77781A-63EF-4A53-B79C-7074143DAF9D}"
EndProject
Project("{FAE04EC0-301F-11D3-BF4B-00C04F79EFBC}") = "session25", "session25\session25.csproj", "{1DD62F26-9029-43E2-B19B-19EFD287AC62}"
EndProject
Global
	GlobalSection(SolutionConfigurationPlatforms) = preSolution
		Debug|Any CPU = Debug|Any CPU
		Release|Any CPU = Release|Any CPU
	EndGlobalSection
	GlobalSection(ProjectConfigurationPlatforms) = postSolution
		{292BD26F-8968-48A7-A1F3-92AA372A4A13}.Debug|Any CPU.ActiveCfg = Debug|Any CPU
		{292BD26F-8968-48A7-A1F3-92AA372A4A13}.Debug|Any CPU.Build.0 = Debug|Any CPU
		{292BD26F-8968-48A7-A1F3-92AA372A4A13}.Release|Any CPU.ActiveCfg = Release|Any CPU
		{292BD26F-8968-48A7-A1F3-92AA372A4A13}.Release|Any CPU.Build.0 = Release|Any CPU
		{3A97DE01-6DD0-4BB6-9FAD-3565F25E40E6}.Debug|Any CPU.ActiveCfg = Debug|Any CPU
		{3A97DE01-6DD0-4BB6-9FAD-3565F25E40E6}.Debug|Any CPU.Build.0 = Debug|Any CPU
		{3A97DE01-6DD0-4BB6-9FAD-3565F25E40E6}.Release|Any CPU.ActiveCfg = Release|Any CPU
		{3A97DE01-6DD0-4BB6-9FAD-3565F25E40E6}.Release|Any CPU.Build.0 = Release|Any CPU
		{9067D0AB-7949-4AE2-96FC-2D9A272B328E}.Debug|Any CPU.ActiveCfg = Debug|Any CPU
		{9067D0AB-7949-4AE2-96FC-2D9A272B328E}.Debug|Any CPU.Build.0 = Debug|Any CPU
		{9067D0AB-7949-4AE2-96FC-2D9A272B328E}.Release|Any CPU.ActiveCfg = Release|Any CPU
		{9067D0AB-7949-4AE2-96FC-2D9A272B328E}.Release|Any CPU.Build.0 = Release|Any CPU
		{5F82F199-160A-4508-B2DF-D09EB5C4CA5F}.Debug|Any CPU.ActiveCfg = Debug|Any CPU
		{5F82F199-160A-4508-B2DF-D09EB5C4CA5F}.Debug|Any CPU.Build.0 = Debug|Any CPU
		{5F82F199-160A-4508-B2DF-D09EB5C4CA5F}.Release|Any CPU.ActiveCfg = Release|Any CPU
		{5F82F199-160A-4508-B2DF-D09EB5C4CA5F}.Release|Any CPU.Build.0 = Release|Any CPU
		{CB7E68CD-1CAF-403E-B963-559E4E7C7351}.Debug|Any CPU.ActiveCfg = Debug|Any CPU
		{CB7E68CD-1CAF-403E-B963-559E4E7C7351}.Debug|Any CPU.Build.0 = Debug|Any CPU
		{CB7E68CD-1CAF-403E-B963-559E4E7C7351}.Release|Any CPU.ActiveCfg = Release|Any CPU
		{CB7E68CD-1CAF-403E-B963-559E4E7C7351}.Release|Any CPU.Build.0 = Release|Any CPU
		{B7BBB2E8-D8F0-4B47-BB51-430BB3531D43}.Debug|Any CPU.ActiveCfg = Debug|Any CPU
		{B7BBB2E8-D8F0-4B47-BB51-430BB3531D43}.Debug|Any CPU.Build.0 = Debug|Any CPU
		{B7BBB2E8-D8F0-4B47-BB51-430BB3531D43}.Release|Any CPU.ActiveCfg = Release|Any CPU
		{B7BBB2E8-D8F0-4B47-BB51-430BB3531D43}.Release|Any CPU.Build.0 = Release|Any CPU
		{B4AF52BE-D72A-4402-B71C-C35D1DABA691}.Debug|Any CPU.ActiveCfg = Debug|Any CPU
		{B4AF52BE-D72A-4402-B71C-C35D1DABA691}.Debug|Any CPU.Build.0 = Debug|Any CPU
		{B4AF52BE-D72A-4402-B71C-C35D1DABA691}.Release|Any CPU.ActiveCfg = Release|Any CPU
		{B4AF52BE-D72A-4402-B71C-C35D1DABA691}.Release|Any CPU.Build.0 = Release|Any CPU
		{64A85622-1B8A-48B1-A556-AAD8D0596AB9}.Debug|Any CPU.ActiveCfg = Debug|Any CPU
		{64A85622-1B8A-48B1-A556-AAD8D0596AB9}.Debug|Any CPU.Build.0 = Debug|Any CPU
		{64A85622-1B8A-48B1-A556-AAD8D0596AB9}.Release|Any CPU.ActiveCfg = Release|Any CPU
		{64A85622-1B8A-48B1-A556-AAD8D0596AB9}.Release|Any CPU.Build.0 = Release|Any CPU
		{1E9819A7-6C65-41E7-AF95-A9E09E80FD9C}.Debug|Any CPU.ActiveCfg = Debug|Any CPU
		{1E9819A7-6C65-41E7-AF95-A9E09E80FD9C}.Debug|Any CPU.Build.0 = Debug|Any CPU
		{1E9819A7-6C65-41E7-AF95-A9E09E80FD9C}.Release|Any CPU.ActiveCfg = Release|Any CPU
		{1E9819A7-6C65-41E7-AF95-A9E09E80FD9C}.Release|Any CPU.Build.0 = Release|Any CPU
		{D020CA21-856C-4454-BB8A-7778B0DB457E}.Debug|Any CPU.ActiveCfg = Debug|Any CPU
		{D020CA21-856C-4454-BB8A-7778B0DB457E}.Debug|Any CPU.Build.0 = Debug|Any CPU
		{D020CA21-856C-4454-BB8A-7778B0DB457E}.Release|Any CPU.ActiveCfg = Release|Any CPU
		{D020CA21-856C-4454-BB8A-7778B0DB457E}.Release|Any CPU.Build.0 = Release|Any CPU
		{91345BDE-A8BB-4B5F-9C0D-4A63EE157F3C}.Debug|Any CPU.ActiveCfg = Debug|Any CPU
		{91345BDE-A8BB-4B5F-9C0D-4A63EE157F3C}.Debug|Any CPU.Build.0 = Debug|Any CPU
		{91345BDE-A8BB-4B5F-9C0D-4A63EE157F3C}.Release|Any CPU.ActiveCfg = Release|Any CPU
		{91345BDE-A8BB-4B5F-9C0D-4A63EE157F3C}.Release|Any CPU.Build.0 = Release|Any CPU
		{669E8DD9-BB38-446A-8B5C-F2D03E77D879}.Debug|Any CPU.ActiveCfg = Debug|Any CPU
		{669E8DD9-BB38-446A-8B5C-F2D03E77D879}.Debug|Any CPU.Build.0 = Debug|Any CPU
		{669E8DD9-BB38-446A-8B5C-F2D03E77D879}.Release|Any CPU.ActiveCfg = Release|Any CPU
		{669E8DD9-BB38-446A-8B5C-F2D03E77D879}.Release|Any CPU.Build.0 = Release|Any CPU
		{0292138B-7575-4C01-98FC-512527264587}.Debug|Any CPU.ActiveCfg = Debug|Any CPU
		{0292138B-7575-4C01-98FC-512527264587}.Debug|Any CPU.Build.0 = Debug|Any CPU
		{0292138B-7575-4C01-98FC-512527264587}.Release|Any CPU.ActiveCfg = Release|Any CPU
		{0292138B-7575-4C01-98FC-512527264587}.Release|Any CPU.Build.0 = Release|Any CPU
		{E4C1C0FE-B7FE-40ED-ACC1-1C720529543B}.Debug|Any CPU.ActiveCfg = Debug|Any CPU
		{E4C1C0FE-B7FE-40ED-ACC1-1C720529543B}.Debug|Any CPU.Build.0 = Debug|Any CPU
		{E4C1C0FE-B7FE-40ED-ACC1-1C720529543B}.Release|Any CPU.ActiveCfg = Release|Any CPU
		{E4C1C0FE-B7FE-40ED-ACC1-1C720529543B}.Release|Any CPU.Build.0 = Release|Any CPU
		{50DF5435-33A9-4165-AE46-6FFAE64CA6C4}.Debug|Any CPU.ActiveCfg = Debug|Any CPU
		{50DF5435-33A9-4165-AE46-6FFAE64CA6C4}.Debug|Any CPU.Build.0 = Debug|Any CPU
		{50DF5435-33A9-4165-AE46-6FFAE64CA6C4}.Release|Any CPU.ActiveCfg = Release|Any CPU
		{50DF5435-33A9-4165-AE46-6FFAE64CA6C4}.Release|Any CPU.Build.0 = Release|Any CPU
		{7F18B9CF-5AD8-44A7-975B-2A9A666A8E94}.Debug|Any CPU.ActiveCfg = Debug|Any CPU
		{7F18B9CF-5AD8-44A7-975B-2A9A666A8E94}.Debug|Any CPU.Build.0 = Debug|Any CPU
		{7F18B9CF-5AD8-44A7-975B-2A9A666A8E94}.Release|Any CPU.ActiveCfg = Release|Any CPU
		{7F18B9CF-5AD8-44A7-975B-2A9A666A8E94}.Release|Any CPU.Build.0 = Release|Any CPU
		{243416EC-795F-4910-B1A9-D9FAC9459957}.Debug|Any CPU.ActiveCfg = Debug|Any CPU
		{243416EC-795F-4910-B1A9-D9FAC9459957}.Debug|Any CPU.Build.0 = Debug|Any CPU
		{243416EC-795F-4910-B1A9-D9FAC9459957}.Release|Any CPU.ActiveCfg = Release|Any CPU
		{243416EC-795F-4910-B1A9-D9FAC9459957}.Release|Any CPU.Build.0 = Release|Any CPU
		{AB3240D6-8CFA-4D96-BB51-4A6A9EF45EE4}.Debug|Any CPU.ActiveCfg = Debug|Any CPU
		{AB3240D6-8CFA-4D96-BB51-4A6A9EF45EE4}.Debug|Any CPU.Build.0 = Debug|Any CPU
		{AB3240D6-8CFA-4D96-BB51-4A6A9EF45EE4}.Release|Any CPU.ActiveCfg = Release|Any CPU
		{AB3240D6-8CFA-4D96-BB51-4A6A9EF45EE4}.Release|Any CPU.Build.0 = Release|Any CPU
		{EEAAFA1C-8B81-4661-ABBB-8BC4BAADE328}.Debug|Any CPU.ActiveCfg = Debug|Any CPU
		{EEAAFA1C-8B81-4661-ABBB-8BC4BAADE328}.Debug|Any CPU.Build.0 = Debug|Any CPU
		{EEAAFA1C-8B81-4661-ABBB-8BC4BAADE328}.Release|Any CPU.ActiveCfg = Release|Any CPU
		{EEAAFA1C-8B81-4661-ABBB-8BC4BAADE328}.Release|Any CPU.Build.0 = Release|Any CPU
		{EA3F869D-B566-4B9C-B1C6-09892150C8DC}.Debug|Any CPU.ActiveCfg = Debug|Any CPU
		{EA3F869D-B566-4B9C-B1C6-09892150C8DC}.Debug|Any CPU.Build.0 = Debug|Any CPU
		{EA3F869D-B566-4B9C-B1C6-09892150C8DC}.Release|Any CPU.ActiveCfg = Release|Any CPU
		{EA3F869D-B566-4B9C-B1C6-09892150C8DC}.Release|Any CPU.Build.0 = Release|Any CPU
		{7CA28F76-7815-48A7-8159-F9E1D0DE4571}.Debug|Any CPU.ActiveCfg = Debug|Any CPU
		{7CA28F76-7815-48A7-8159-F9E1D0DE4571}.Debug|Any CPU.Build.0 = Debug|Any CPU
		{7CA28F76-7815-48A7-8159-F9E1D0DE4571}.Release|Any CPU.ActiveCfg = Release|Any CPU
		{7CA28F76-7815-48A7-8159-F9E1D0DE4571}.Release|Any CPU.Build.0 = Release|Any CPU
		{8B62DCDD-2E13-4BD0-B3CD-F92AACD511A9}.Debug|Any CPU.ActiveCfg = Debug|Any CPU
		{8B62DCDD-2E13-4BD0-B3CD-F92AACD511A9}.Debug|Any CPU.Build.0 = Debug|Any CPU
		{8B62DCDD-2E13-4BD0-B3CD-F92AACD511A9}.Release|Any CPU.ActiveCfg = Release|Any CPU
		{8B62DCDD-2E13-4BD0-B3CD-F92AACD511A9}.Release|Any CPU.Build.0 = Release|Any CPU
		{20E80FDB-BBD9-4892-91D6-D83AE72848CF}.Debug|Any CPU.ActiveCfg = Debug|Any CPU
		{20E80FDB-BBD9-4892-91D6-D83AE72848CF}.Debug|Any CPU.Build.0 = Debug|Any CPU
		{20E80FDB-BBD9-4892-91D6-D83AE72848CF}.Release|Any CPU.ActiveCfg = Release|Any CPU
		{20E80FDB-BBD9-4892-91D6-D83AE72848CF}.Release|Any CPU.Build.0 = Release|Any CPU
		{3D77781A-63EF-4A53-B79C-7074143DAF9D}.Debug|Any CPU.ActiveCfg = Debug|Any CPU
		{3D77781A-63EF-4A53-B79C-7074143DAF9D}.Debug|Any CPU.Build.0 = Debug|Any CPU
		{3D77781A-63EF-4A53-B79C-7074143DAF9D}.Release|Any CPU.ActiveCfg = Release|Any CPU
		{3D77781A-63EF-4A53-B79C-7074143DAF9D}.Release|Any CPU.Build.0 = Release|Any CPU
		{1DD62F26-9029-43E2-B19B-19EFD287AC62}.Debug|Any CPU.ActiveCfg = Debug|Any CPU
		{1DD62F26-9029-43E2-B19B-19EFD287AC62}.Debug|Any CPU.Build.0 = Debug|Any CPU
		{1DD62F26-9029-43E2-B19B-19EFD287AC62}.Release|Any CPU.ActiveCfg = Release|Any CPU
		{1DD62F26-9029-43E2-B19B-19EFD287AC62}.Release|Any CPU.Build.0 = Release|Any CPU
	EndGlobalSection
	GlobalSection(SolutionProperties) = preSolution
		HideSolutionNode = FALSE
	EndGlobalSection
	GlobalSection(ExtensibilityGlobals) = postSolution
		SolutionGuid = {33D543B5-D307-46F1-806F-198D44B9F28A}
	EndGlobalSection
EndGlobal
